// !$*UTF8*$!
{
	archiveVersion = 1;
	classes = {
	};
	objectVersion = 50;
	objects = {

/* Begin PBXBuildFile section */
		805D8228236C3CCF0035657B /* AppDelegate.swift in Sources */ = {isa = PBXBuildFile; fileRef = 805D8227236C3CCF0035657B /* AppDelegate.swift */; };
		805D822A236C3CCF0035657B /* SceneDelegate.swift in Sources */ = {isa = PBXBuildFile; fileRef = 805D8229236C3CCF0035657B /* SceneDelegate.swift */; };
		805D822C236C3CCF0035657B /* ViewController.swift in Sources */ = {isa = PBXBuildFile; fileRef = 805D822B236C3CCF0035657B /* ViewController.swift */; };
		805D822F236C3CCF0035657B /* Main.storyboard in Resources */ = {isa = PBXBuildFile; fileRef = 805D822D236C3CCF0035657B /* Main.storyboard */; };
		805D8231236C3CD00035657B /* Assets.xcassets in Resources */ = {isa = PBXBuildFile; fileRef = 805D8230236C3CD00035657B /* Assets.xcassets */; };
		805D8234236C3CD00035657B /* LaunchScreen.storyboard in Resources */ = {isa = PBXBuildFile; fileRef = 805D8232236C3CD00035657B /* LaunchScreen.storyboard */; };
		805D823C236C46B30035657B /* Petition.swift in Sources */ = {isa = PBXBuildFile; fileRef = 805D823B236C46B30035657B /* Petition.swift */; };
		805D823E236C48C90035657B /* DetailViewController.swift in Sources */ = {isa = PBXBuildFile; fileRef = 805D823D236C48C90035657B /* DetailViewController.swift */; };
/* End PBXBuildFile section */

/* Begin PBXFileReference section */
		805D8224236C3CCF0035657B /* WhiteHousePetitions-2.app */ = {isa = PBXFileReference; explicitFileType = wrapper.application; includeInIndex = 0; path = "WhiteHousePetitions-2.app"; sourceTree = BUILT_PRODUCTS_DIR; };
		805D8227236C3CCF0035657B /* AppDelegate.swift */ = {isa = PBXFileReference; lastKnownFileType = sourcecode.swift; path = AppDelegate.swift; sourceTree = "<group>"; };
		805D8229236C3CCF0035657B /* SceneDelegate.swift */ = {isa = PBXFileReference; lastKnownFileType = sourcecode.swift; path = SceneDelegate.swift; sourceTree = "<group>"; };
		805D822B236C3CCF0035657B /* ViewController.swift */ = {isa = PBXFileReference; lastKnownFileType = sourcecode.swift; path = ViewController.swift; sourceTree = "<group>"; };
		805D822E236C3CCF0035657B /* Base */ = {isa = PBXFileReference; lastKnownFileType = file.storyboard; name = Base; path = Base.lproj/Main.storyboard; sourceTree = "<group>"; };
		805D8230236C3CD00035657B /* Assets.xcassets */ = {isa = PBXFileReference; lastKnownFileType = folder.assetcatalog; path = Assets.xcassets; sourceTree = "<group>"; };
		805D8233236C3CD00035657B /* Base */ = {isa = PBXFileReference; lastKnownFileType = file.storyboard; name = Base; path = Base.lproj/LaunchScreen.storyboard; sourceTree = "<group>"; };
		805D8235236C3CD00035657B /* Info.plist */ = {isa = PBXFileReference; lastKnownFileType = text.plist.xml; path = Info.plist; sourceTree = "<group>"; };
		805D823B236C46B30035657B /* Petition.swift */ = {isa = PBXFileReference; lastKnownFileType = sourcecode.swift; path = Petition.swift; sourceTree = "<group>"; };
		805D823D236C48C90035657B /* DetailViewController.swift */ = {isa = PBXFileReference; lastKnownFileType = sourcecode.swift; path = DetailViewController.swift; sourceTree = "<group>"; };
/* End PBXFileReference section */

/* Begin PBXFrameworksBuildPhase section */
		805D8221236C3CCF0035657B /* Frameworks */ = {
			isa = PBXFrameworksBuildPhase;
			buildActionMask = 2147483647;
			files = (
			);
			runOnlyForDeploymentPostprocessing = 0;
		};
/* End PBXFrameworksBuildPhase section */

/* Begin PBXGroup section */
		805D821B236C3CCF0035657B = {
			isa = PBXGroup;
			children = (
				805D8226236C3CCF0035657B /* WhiteHousePetitions-2 */,
				805D8225236C3CCF0035657B /* Products */,
			);
			sourceTree = "<group>";
		};
		805D8225236C3CCF0035657B /* Products */ = {
			isa = PBXGroup;
			children = (
				805D8224236C3CCF0035657B /* WhiteHousePetitions-2.app */,
			);
			name = Products;
			sourceTree = "<group>";
		};
		805D8226236C3CCF0035657B /* WhiteHousePetitions-2 */ = {
			isa = PBXGroup;
			children = (
				805D8227236C3CCF0035657B /* AppDelegate.swift */,
				805D8229236C3CCF0035657B /* SceneDelegate.swift */,
				805D822B236C3CCF0035657B /* ViewController.swift */,
				805D823D236C48C90035657B /* DetailViewController.swift */,
				805D823B236C46B30035657B /* Petition.swift */,
				805D822D236C3CCF0035657B /* Main.storyboard */,
				805D8230236C3CD00035657B /* Assets.xcassets */,
				805D8232236C3CD00035657B /* LaunchScreen.storyboard */,
				805D8235236C3CD00035657B /* Info.plist */,
			);
			path = "WhiteHousePetitions-2";
			sourceTree = "<group>";
		};
/* End PBXGroup section */

/* Begin PBXNativeTarget section */
		805D8223236C3CCF0035657B /* WhiteHousePetitions-2 */ = {
			isa = PBXNativeTarget;
			buildConfigurationList = 805D8238236C3CD00035657B /* Build configuration list for PBXNativeTarget "WhiteHousePetitions-2" */;
			buildPhases = (
				805D8220236C3CCF0035657B /* Sources */,
				805D8221236C3CCF0035657B /* Frameworks */,
				805D8222236C3CCF0035657B /* Resources */,
			);
			buildRules = (
			);
			dependencies = (
			);
			name = "WhiteHousePetitions-2";
			productName = "WhiteHousePetitions-2";
			productReference = 805D8224236C3CCF0035657B /* WhiteHousePetitions-2.app */;
			productType = "com.apple.product-type.application";
		};
/* End PBXNativeTarget section */

/* Begin PBXProject section */
		805D821C236C3CCF0035657B /* Project object */ = {
			isa = PBXProject;
			attributes = {
				LastSwiftUpdateCheck = 1110;
				LastUpgradeCheck = 1110;
				ORGANIZATIONNAME = "Keishin CHOU";
				TargetAttributes = {
					805D8223236C3CCF0035657B = {
						CreatedOnToolsVersion = 11.1;
					};
				};
			};
			buildConfigurationList = 805D821F236C3CCF0035657B /* Build configuration list for PBXProject "WhiteHousePetitions-2" */;
			compatibilityVersion = "Xcode 9.3";
			developmentRegion = en;
			hasScannedForEncodings = 0;
			knownRegions = (
				en,
				Base,
			);
			mainGroup = 805D821B236C3CCF0035657B;
			productRefGroup = 805D8225236C3CCF0035657B /* Products */;
			projectDirPath = "";
			projectRoot = "";
			targets = (
				805D8223236C3CCF0035657B /* WhiteHousePetitions-2 */,
			);
		};
/* End PBXProject section */

/* Begin PBXResourcesBuildPhase section */
		805D8222236C3CCF0035657B /* Resources */ = {
			isa = PBXResourcesBuildPhase;
			buildActionMask = 2147483647;
			files = (
				805D8234236C3CD00035657B /* LaunchScreen.storyboard in Resources */,
				805D8231236C3CD00035657B /* Assets.xcassets in Resources */,
				805D822F236C3CCF0035657B /* Main.storyboard in Resources */,
			);
			runOnlyForDeploymentPostprocessing = 0;
		};
/* End PBXResourcesBuildPhase section */

/* Begin PBXSourcesBuildPhase section */
		805D8220236C3CCF0035657B /* Sources */ = {
			isa = PBXSourcesBuildPhase;
			buildActionMask = 2147483647;
			files = (
				805D822C236C3CCF0035657B /* ViewController.swift in Sources */,
				805D823C236C46B30035657B /* Petition.swift in Sources */,
				805D823E236C48C90035657B /* DetailViewController.swift in Sources */,
				805D8228236C3CCF0035657B /* AppDelegate.swift in Sources */,
				805D822A236C3CCF0035657B /* SceneDelegate.swift in Sources */,
			);
			runOnlyForDeploymentPostprocessing = 0;
		};
/* End PBXSourcesBuildPhase section */

/* Begin PBXVariantGroup section */
		805D822D236C3CCF0035657B /* Main.storyboard */ = {
			isa = PBXVariantGroup;
			children = (
				805D822E236C3CCF0035657B /* Base */,
			);
			name = Main.storyboard;
			sourceTree = "<group>";
		};
		805D8232236C3CD00035657B /* LaunchScreen.storyboard */ = {
			isa = PBXVariantGroup;
			children = (
				805D8233236C3CD00035657B /* Base */,
			);
			name = LaunchScreen.storyboard;
			sourceTree = "<group>";
		};
/* End PBXVariantGroup section */

/* Begin XCBuildConfiguration section */
		805D8236236C3CD00035657B /* Debug */ = {
			isa = XCBuildConfiguration;
			buildSettings = {
				ALWAYS_SEARCH_USER_PATHS = NO;
				CLANG_ANALYZER_NONNULL = YES;
				CLANG_ANALYZER_NUMBER_OBJECT_CONVERSION = YES_AGGRESSIVE;
				CLANG_CXX_LANGUAGE_STANDARD = "gnu++14";
				CLANG_CXX_LIBRARY = "libc++";
				CLANG_ENABLE_MODULES = YES;
				CLANG_ENABLE_OBJC_ARC = YES;
				CLANG_ENABLE_OBJC_WEAK = YES;
				CLANG_WARN_BLOCK_CAPTURE_AUTORELEASING = YES;
				CLANG_WARN_BOOL_CONVERSION = YES;
				CLANG_WARN_COMMA = YES;
				CLANG_WARN_CONSTANT_CONVERSION = YES;
				CLANG_WARN_DEPRECATED_OBJC_IMPLEMENTATIONS = YES;
				CLANG_WARN_DIRECT_OBJC_ISA_USAGE = YES_ERROR;
				CLANG_WARN_DOCUMENTATION_COMMENTS = YES;
				CLANG_WARN_EMPTY_BODY = YES;
				CLANG_WARN_ENUM_CONVERSION = YES;
				CLANG_WARN_INFINITE_RECURSION = YES;
				CLANG_WARN_INT_CONVERSION = YES;
				CLANG_WARN_NON_LITERAL_NULL_CONVERSION = YES;
				CLANG_WARN_OBJC_IMPLICIT_RETAIN_SELF = YES;
				CLANG_WARN_OBJC_LITERAL_CONVERSION = YES;
				CLANG_WARN_OBJC_ROOT_CLASS = YES_ERROR;
				CLANG_WARN_RANGE_LOOP_ANALYSIS = YES;
				CLANG_WARN_STRICT_PROTOTYPES = YES;
				CLANG_WARN_SUSPICIOUS_MOVE = YES;
				CLANG_WARN_UNGUARDED_AVAILABILITY = YES_AGGRESSIVE;
				CLANG_WARN_UNREACHABLE_CODE = YES;
				CLANG_WARN__DUPLICATE_METHOD_MATCH = YES;
				COPY_PHASE_STRIP = NO;
				DEBUG_INFORMATION_FORMAT = dwarf;
				ENABLE_STRICT_OBJC_MSGSEND = YES;
				ENABLE_TESTABILITY = YES;
				GCC_C_LANGUAGE_STANDARD = gnu11;
				GCC_DYNAMIC_NO_PIC = NO;
				GCC_NO_COMMON_BLOCKS = YES;
				GCC_OPTIMIZATION_LEVEL = 0;
				GCC_PREPROCESSOR_DEFINITIONS = (
					"DEBUG=1",
					"$(inherited)",
				);
				GCC_WARN_64_TO_32_BIT_CONVERSION = YES;
				GCC_WARN_ABOUT_RETURN_TYPE = YES_ERROR;
				GCC_WARN_UNDECLARED_SELECTOR = YES;
				GCC_WARN_UNINITIALIZED_AUTOS = YES_AGGRESSIVE;
				GCC_WARN_UNUSED_FUNCTION = YES;
				GCC_WARN_UNUSED_VARIABLE = YES;
				IPHONEOS_DEPLOYMENT_TARGET = 13.1;
				MTL_ENABLE_DEBUG_INFO = INCLUDE_SOURCE;
				MTL_FAST_MATH = YES;
				ONLY_ACTIVE_ARCH = YES;
				SDKROOT = iphoneos;
				SWIFT_ACTIVE_COMPILATION_CONDITIONS = DEBUG;
				SWIFT_OPTIMIZATION_LEVEL = "-Onone";
			};
			name = Debug;
		};
		805D8237236C3CD00035657B /* Release */ = {
			isa = XCBuildConfiguration;
			buildSettings = {
				ALWAYS_SEARCH_USER_PATHS = NO;
				CLANG_ANALYZER_NONNULL = YES;
				CLANG_ANALYZER_NUMBER_OBJECT_CONVERSION = YES_AGGRESSIVE;
				CLANG_CXX_LANGUAGE_STANDARD = "gnu++14";
				CLANG_CXX_LIBRARY = "libc++";
				CLANG_ENABLE_MODULES = YES;
				CLANG_ENABLE_OBJC_ARC = YES;
				CLANG_ENABLE_OBJC_WEAK = YES;
				CLANG_WARN_BLOCK_CAPTURE_AUTORELEASING = YES;
				CLANG_WARN_BOOL_CONVERSION = YES;
				CLANG_WARN_COMMA = YES;
				CLANG_WARN_CONSTANT_CONVERSION = YES;
				CLANG_WARN_DEPRECATED_OBJC_IMPLEMENTATIONS = YES;
				CLANG_WARN_DIRECT_OBJC_ISA_USAGE = YES_ERROR;
				CLANG_WARN_DOCUMENTATION_COMMENTS = YES;
				CLANG_WARN_EMPTY_BODY = YES;
				CLANG_WARN_ENUM_CONVERSION = YES;
				CLANG_WARN_INFINITE_RECURSION = YES;
				CLANG_WARN_INT_CONVERSION = YES;
				CLANG_WARN_NON_LITERAL_NULL_CONVERSION = YES;
				CLANG_WARN_OBJC_IMPLICIT_RETAIN_SELF = YES;
				CLANG_WARN_OBJC_LITERAL_CONVERSION = YES;
				CLANG_WARN_OBJC_ROOT_CLASS = YES_ERROR;
				CLANG_WARN_RANGE_LOOP_ANALYSIS = YES;
				CLANG_WARN_STRICT_PROTOTYPES = YES;
				CLANG_WARN_SUSPICIOUS_MOVE = YES;
				CLANG_WARN_UNGUARDED_AVAILABILITY = YES_AGGRESSIVE;
				CLANG_WARN_UNREACHABLE_CODE = YES;
				CLANG_WARN__DUPLICATE_METHOD_MATCH = YES;
				COPY_PHASE_STRIP = NO;
				DEBUG_INFORMATION_FORMAT = "dwarf-with-dsym";
				ENABLE_NS_ASSERTIONS = NO;
				ENABLE_STRICT_OBJC_MSGSEND = YES;
				GCC_C_LANGUAGE_STANDARD = gnu11;
				GCC_NO_COMMON_BLOCKS = YES;
				GCC_WARN_64_TO_32_BIT_CONVERSION = YES;
				GCC_WARN_ABOUT_RETURN_TYPE = YES_ERROR;
				GCC_WARN_UNDECLARED_SELECTOR = YES;
				GCC_WARN_UNINITIALIZED_AUTOS = YES_AGGRESSIVE;
				GCC_WARN_UNUSED_FUNCTION = YES;
				GCC_WARN_UNUSED_VARIABLE = YES;
				IPHONEOS_DEPLOYMENT_TARGET = 13.1;
				MTL_ENABLE_DEBUG_INFO = NO;
				MTL_FAST_MATH = YES;
				SDKROOT = iphoneos;
				SWIFT_COMPILATION_MODE = wholemodule;
				SWIFT_OPTIMIZATION_LEVEL = "-O";
				VALIDATE_PRODUCT = YES;
			};
			name = Release;
		};
		805D8239236C3CD00035657B /* Debug */ = {
			isa = XCBuildConfiguration;
			buildSettings = {
				ASSETCATALOG_COMPILER_APPICON_NAME = AppIcon;
				CODE_SIGN_STYLE = Automatic;
				DEVELOPMENT_TEAM = VR8K5GN7PS;
				INFOPLIST_FILE = "WhiteHousePetitions-2/Info.plist";
				LD_RUNPATH_SEARCH_PATHS = (
					"$(inherited)",
					"@executable_path/Frameworks",
				);
				PRODUCT_BUNDLE_IDENTIFIER = "com.HackingWithSwiftPractice.Keishin.WhiteHousePetitions-2";
				PRODUCT_NAME = "$(TARGET_NAME)";
				SWIFT_VERSION = 5.0;
				TARGETED_DEVICE_FAMILY = "1,2";
			};
			name = Debug;
		};
		805D823A236C3CD00035657B /* Release */ = {
			isa = XCBuildConfiguration;
			buildSettings = {
				ASSETCATALOG_COMPILER_APPICON_NAME = AppIcon;
				CODE_SIGN_STYLE = Automatic;
				DEVELOPMENT_TEAM = VR8K5GN7PS;
				INFOPLIST_FILE = "WhiteHousePetitions-2/Info.plist";
				LD_RUNPATH_SEARCH_PATHS = (
					"$(inherited)",
					"@executable_path/Frameworks",
				);
				PRODUCT_BUNDLE_IDENTIFIER = "com.HackingWithSwiftPractice.Keishin.WhiteHousePetitions-2";
				PRODUCT_NAME = "$(TARGET_NAME)";
				SWIFT_VERSION = 5.0;
				TARGETED_DEVICE_FAMILY = "1,2";
			};
			name = Release;
		};
/* End XCBuildConfiguration section */

/* Begin XCConfigurationList section */
		805D821F236C3CCF0035657B /* Build configuration list for PBXProject "WhiteHousePetitions-2" */ = {
			isa = XCConfigurationList;
			buildConfigurations = (
				805D8236236C3CD00035657B /* Debug */,
				805D8237236C3CD00035657B /* Release */,
			);
			defaultConfigurationIsVisible = 0;
			defaultConfigurationName = Release;
		};
		805D8238236C3CD00035657B /* Build configuration list for PBXNativeTarget "WhiteHousePetitions-2" */ = {
			isa = XCConfigurationList;
			buildConfigurations = (
				805D8239236C3CD00035657B /* Debug */,
				805D823A236C3CD00035657B /* Release */,
			);
			defaultConfigurationIsVisible = 0;
			defaultConfigurationName = Release;
		};
/* End XCConfigurationList section */
	};
	rootObject = 805D821C236C3CCF0035657B /* Project object */;
}
